
Microsoft Visual Studio Solution File, Format Version 12.00
# Visual Studio 15
VisualStudioVersion = 15.0.28307.757
MinimumVisualStudioVersion = 10.0.40219.1
Project("{FAE04EC0-301F-11D3-BF4B-00C04F79EFBC}") = "PiedrasDelTunjo", "PiedrasDelTunjo\PiedrasDelTunjo.csproj", "{58AF421C-C94C-4D84-836B-FBE93ED7C763}"
EndProject
Project("{FAE04EC0-301F-11D3-BF4B-00C04F79EFBC}") = "Data", "..\..\Data\Data.csproj", "{8DC840F8-3044-462B-88E8-E1349FDAF480}"
EndProject
Project("{FAE04EC0-301F-11D3-BF4B-00C04F79EFBC}") = "Logica", "..\..\Logica\Logica.csproj", "{384326EF-396C-4C24-BF71-2CAEE9C9D34C}"
EndProject
Project("{FAE04EC0-301F-11D3-BF4B-00C04F79EFBC}") = "Utilitarios", "..\..\Utilitarios\Utilitarios.csproj", "{F4D5E9AD-3BAB-4F47-8C82-1F8804736947}"
EndProject
Global
	GlobalSection(SolutionConfigurationPlatforms) = preSolution
		Debug|Any CPU = Debug|Any CPU
		Release|Any CPU = Release|Any CPU
	EndGlobalSection
	GlobalSection(ProjectConfigurationPlatforms) = postSolution
		{58AF421C-C94C-4D84-836B-FBE93ED7C763}.Debug|Any CPU.ActiveCfg = Debug|Any CPU
		{58AF421C-C94C-4D84-836B-FBE93ED7C763}.Debug|Any CPU.Build.0 = Debug|Any CPU
		{58AF421C-C94C-4D84-836B-FBE93ED7C763}.Release|Any CPU.ActiveCfg = Release|Any CPU
		{58AF421C-C94C-4D84-836B-FBE93ED7C763}.Release|Any CPU.Build.0 = Release|Any CPU
		{8DC840F8-3044-462B-88E8-E1349FDAF480}.Debug|Any CPU.ActiveCfg = Debug|Any CPU
		{8DC840F8-3044-462B-88E8-E1349FDAF480}.Debug|Any CPU.Build.0 = Debug|Any CPU
		{8DC840F8-3044-462B-88E8-E1349FDAF480}.Release|Any CPU.ActiveCfg = Release|Any CPU
		{8DC840F8-3044-462B-88E8-E1349FDAF480}.Release|Any CPU.Build.0 = Release|Any CPU
		{384326EF-396C-4C24-BF71-2CAEE9C9D34C}.Debug|Any CPU.ActiveCfg = Debug|Any CPU
		{384326EF-396C-4C24-BF71-2CAEE9C9D34C}.Debug|Any CPU.Build.0 = Debug|Any CPU
		{384326EF-396C-4C24-BF71-2CAEE9C9D34C}.Release|Any CPU.ActiveCfg = Release|Any CPU
		{384326EF-396C-4C24-BF71-2CAEE9C9D34C}.Release|Any CPU.Build.0 = Release|Any CPU
		{F4D5E9AD-3BAB-4F47-8C82-1F8804736947}.Debug|Any CPU.ActiveCfg = Debug|Any CPU
		{F4D5E9AD-3BAB-4F47-8C82-1F8804736947}.Debug|Any CPU.Build.0 = Debug|Any CPU
		{F4D5E9AD-3BAB-4F47-8C82-1F8804736947}.Release|Any CPU.ActiveCfg = Release|Any CPU
		{F4D5E9AD-3BAB-4F47-8C82-1F8804736947}.Release|Any CPU.Build.0 = Release|Any CPU
	EndGlobalSection
	GlobalSection(SolutionProperties) = preSolution
		HideSolutionNode = FALSE
	EndGlobalSection
	GlobalSection(ExtensibilityGlobals) = postSolution
		SolutionGuid = {EEE609AE-9CAB-444B-8E24-69306DC2CBCA}
	EndGlobalSection
EndGlobal
